<?xml version="1.0" encoding="utf-8"?>
<Project ToolsVersion="4.0" xmlns="http://schemas.microsoft.com/developer/msbuild/2003">
  <ItemGroup>
    <Filter Include="Source files">
      <UniqueIdentifier>{3d9e5359-8847-415e-a3d2-987b494ce9de}</UniqueIdentifier>
      <Extensions>cpp;c;cc;cxx;def;odl;idl;hpj;bat;asm;asmx</Extensions>
    </Filter>
    <Filter Include="Header files">
      <UniqueIdentifier>{e701f4c2-80f4-458e-a88a-2778398d7fc4}</UniqueIdentifier>
      <Extensions>h;hpp;hxx;hm;inl;inc;xsd</Extensions>
    </Filter>
    <Filter Include="Resource files">
      <UniqueIdentifier>{fb86acd2-d081-4d94-b5b8-6e7a775ea5c0}</UniqueIdentifier>
      <Extensions>rc;ico;cur;bmp;dlg;rc2;rct;bin;rgs;gif;jpg;jpeg;jpe;resx;tiff;tif;png;wav</Extensions>
    </Filter>
    <Filter Include="VisualGDB settings">
      <UniqueIdentifier>{b6dc85f4-9179-4fd5-a1f6-32ed485bbfe8}</UniqueIdentifier>
      <Extensions>vgdbsettings</Extensions>
    </Filter>
    <Filter Include="Header files\core">
      <UniqueIdentifier>{2f4bc830-c10c-44a8-a73f-2ed2ce6d6d23}</UniqueIdentifier>
    </Filter>
    <Filter Include="Header files\draw">
      <UniqueIdentifier>{bd259a12-d007-4a31-9270-6d1292d73c03}</UniqueIdentifier>
    </Filter>
    <Filter Include="Header files\extra">
      <UniqueIdentifier>{02ecf491-654b-44aa-bfb7-3b36a510887c}</UniqueIdentifier>
    </Filter>
    <Filter Include="Header files\extra\layouts">
      <UniqueIdentifier>{96d96a50-473a-4146-adcf-ff04437442e9}</UniqueIdentifier>
    </Filter>
    <Filter Include="Header files\extra\layouts\flex">
      <UniqueIdentifier>{beff5d0b-067e-42fa-bf81-4816f2f851b4}</UniqueIdentifier>
    </Filter>
    <Filter Include="Header files\extra\layouts\grid">
      <UniqueIdentifier>{eea38b6f-b135-4401-a635-24e30002bed4}</UniqueIdentifier>
    </Filter>
    <Filter Include="Header files\extra\themes">
      <UniqueIdentifier>{ac551157-9070-40fa-be9c-6ee3925922c6}</UniqueIdentifier>
    </Filter>
    <Filter Include="Header files\extra\themes\basic">
      <UniqueIdentifier>{ba62072f-4fc3-4981-807b-ef75976cd9d0}</UniqueIdentifier>
    </Filter>
    <Filter Include="Header files\extra\themes\default">
      <UniqueIdentifier>{dbab7927-b8bf-4b1b-aef5-e46bee49610f}</UniqueIdentifier>
    </Filter>
    <Filter Include="Header files\extra\themes\mono">
      <UniqueIdentifier>{47dd9499-550d-41fb-b196-ab4648d03ba8}</UniqueIdentifier>
    </Filter>
    <Filter Include="Header files\extra\widgets">
      <UniqueIdentifier>{025f7b64-4863-4c8d-8947-b2aaebe593ab}</UniqueIdentifier>
    </Filter>
    <Filter Include="Header files\extra\widgets\animimg">
      <UniqueIdentifier>{4ca50bdc-1512-4109-bd78-896f2a88c359}</UniqueIdentifier>
    </Filter>
    <Filter Include="Header files\extra\widgets\calendar">
      <UniqueIdentifier>{01c763da-d191-40d4-a048-cb97d8407e7f}</UniqueIdentifier>
    </Filter>
    <Filter Include="Header files\extra\widgets\chart">
      <UniqueIdentifier>{ee08281f-88e7-4a84-a7e7-6139896e8608}</UniqueIdentifier>
    </Filter>
    <Filter Include="Header files\extra\widgets\colorwheel">
      <UniqueIdentifier>{d1deab8f-cab8-4b3e-b85e-a0c603446dde}</UniqueIdentifier>
    </Filter>
    <Filter Include="Header files\extra\widgets\imgbtn">
      <UniqueIdentifier>{8cf0688a-5cf4-4254-8bcb-f87fa3929ff7}</UniqueIdentifier>
    </Filter>
    <Filter Include="Header files\extra\widgets\keyboard">
      <UniqueIdentifier>{d11c9552-044f-475e-a9f3-5d0168ee8c4b}</UniqueIdentifier>
    </Filter>
    <Filter Include="Header files\extra\widgets\led">
      <UniqueIdentifier>{aa622423-9d0a-46a7-9a21-3c57f4c75506}</UniqueIdentifier>
    </Filter>
    <Filter Include="Header files\extra\widgets\list">
      <UniqueIdentifier>{ad6d7455-63fb-4f62-af41-7901bb34a95e}</UniqueIdentifier>
    </Filter>
    <Filter Include="Header files\extra\widgets\meter">
      <UniqueIdentifier>{4e590972-3921-49c6-9b21-47a8ea0ee148}</UniqueIdentifier>
    </Filter>
    <Filter Include="Header files\extra\widgets\msgbox">
      <UniqueIdentifier>{b6c169d5-b641-40f0-9e4d-b26e376abe95}</UniqueIdentifier>
    </Filter>
    <Filter Include="Header files\extra\widgets\span">
      <UniqueIdentifier>{94a116a7-2541-4821-95d7-bec46a78bfbc}</UniqueIdentifier>
    </Filter>
    <Filter Include="Header files\extra\widgets\spinbox">
      <UniqueIdentifier>{169096ae-4171-4437-8e04-1e69e8055a0f}</UniqueIdentifier>
    </Filter>
    <Filter Include="Header files\extra\widgets\spinner">
      <UniqueIdentifier>{ef42f2bd-0b3f-4af5-87fe-aaf4a2747945}</UniqueIdentifier>
    </Filter>
    <Filter Include="Header files\extra\widgets\tabview">
      <UniqueIdentifier>{235ac385-e6b9-42b1-b693-d815da60bbad}</UniqueIdentifier>
    </Filter>
    <Filter Include="Header files\extra\widgets\tileview">
      <UniqueIdentifier>{c40d9bb5-6f7a-498d-aabd-74ca2d11f070}</UniqueIdentifier>
    </Filter>
    <Filter Include="Header files\extra\widgets\win">
      <UniqueIdentifier>{12b3c345-bb47-4b83-a376-aa41c23bd532}</UniqueIdentifier>
    </Filter>
    <Filter Include="Header files\font">
      <UniqueIdentifier>{48e88283-b584-448b-894d-ed61de28dbd0}</UniqueIdentifier>
    </Filter>
    <Filter Include="Header files\gpu">
      <UniqueIdentifier>{10c24e89-6f40-493c-9e07-a90207617a4c}</UniqueIdentifier>
    </Filter>
    <Filter Include="Header files\hal">
      <UniqueIdentifier>{e5151784-b141-4139-9d49-8b4755e51f46}</UniqueIdentifier>
    </Filter>
    <Filter Include="Header files\misc">
      <UniqueIdentifier>{692c9cfa-a2a6-491c-9f85-4e82f759aca1}</UniqueIdentifier>
    </Filter>
    <Filter Include="Header files\widgets">
      <UniqueIdentifier>{82b0c33c-65e2-4acc-b2ba-c94e147ffa8e}</UniqueIdentifier>
    </Filter>
    <Filter Include="Header files\src">
      <UniqueIdentifier>{60b9a4ca-1d4f-46d8-8e50-555cff1b3558}</UniqueIdentifier>
    </Filter>
    <Filter Include="Source files\lv_drivers">
      <UniqueIdentifier>{15d40d89-d09d-4696-9c64-963a9bc14a9b}</UniqueIdentifier>
    </Filter>
    <Filter Include="Header files\SoapySDR">
      <UniqueIdentifier>{7720c0d3-17c6-46ba-a0c2-3db1cf34b62a}</UniqueIdentifier>
    </Filter>
    <Filter Include="Header files\lv_drivers">
      <UniqueIdentifier>{689ad73d-e91b-4bbe-a2b6-b2173b36392d}</UniqueIdentifier>
    </Filter>
    <Filter Include="Header files\lvgl">
      <UniqueIdentifier>{ca9f6e63-721c-417b-9843-6d432cee5de9}</UniqueIdentifier>
    </Filter>
    <Filter Include="Header files\config">
      <UniqueIdentifier>{685998bd-c599-4e10-b551-6bde938b6c16}</UniqueIdentifier>
    </Filter>
    <Filter Include="Header files\RtMidi">
      <UniqueIdentifier>{d951d323-2251-4656-9099-5428645484b9}</UniqueIdentifier>
    </Filter>
    <Filter Include="Source files\Rtmidi">
      <UniqueIdentifier>{923ae729-c448-4e88-9e2f-b097ddf98181}</UniqueIdentifier>
    </Filter>
    <Filter Include="Source files\config">
      <UniqueIdentifier>{5acfd74a-f56e-4735-9dec-f3752ff1d4f1}</UniqueIdentifier>
    </Filter>
    <Filter Include="Source files\lvgl">
      <UniqueIdentifier>{33f950b1-e55b-478b-a45e-0a8f6f07a28e}</UniqueIdentifier>
    </Filter>
    <Filter Include="Source files\ft8">
      <UniqueIdentifier>{b7ec8bbd-dfff-4ff9-81eb-90732b9a22f3}</UniqueIdentifier>
    </Filter>
    <Filter Include="Header files\ft8">
      <UniqueIdentifier>{8730a9af-6f58-4c84-98a3-3ba617b86327}</UniqueIdentifier>
    </Filter>
  </ItemGroup>
  <ItemGroup>
    <ClCompile Include="sdrberry.cpp">
      <Filter>Source files</Filter>
    </ClCompile>
    <ClInclude Include="lvgl\src\core\lv_disp.h">
      <Filter>Header files\core</Filter>
    </ClInclude>
    <ClInclude Include="lvgl\src\core\lv_event.h">
      <Filter>Header files\core</Filter>
    </ClInclude>
    <ClInclude Include="lvgl\src\core\lv_group.h">
      <Filter>Header files\core</Filter>
    </ClInclude>
    <ClInclude Include="lvgl\src\core\lv_indev.h">
      <Filter>Header files\core</Filter>
    </ClInclude>
    <ClInclude Include="lvgl\src\core\lv_indev_scroll.h">
      <Filter>Header files\core</Filter>
    </ClInclude>
    <ClInclude Include="lvgl\src\core\lv_obj.h">
      <Filter>Header files\core</Filter>
    </ClInclude>
    <ClInclude Include="lvgl\src\core\lv_obj_class.h">
      <Filter>Header files\core</Filter>
    </ClInclude>
    <ClInclude Include="lvgl\src\core\lv_obj_draw.h">
      <Filter>Header files\core</Filter>
    </ClInclude>
    <ClInclude Include="lvgl\src\core\lv_obj_pos.h">
      <Filter>Header files\core</Filter>
    </ClInclude>
    <ClInclude Include="lvgl\src\core\lv_obj_scroll.h">
      <Filter>Header files\core</Filter>
    </ClInclude>
    <ClInclude Include="lvgl\src\core\lv_obj_style.h">
      <Filter>Header files\core</Filter>
    </ClInclude>
    <ClInclude Include="lvgl\src\core\lv_obj_style_gen.h">
      <Filter>Header files\core</Filter>
    </ClInclude>
    <ClInclude Include="lvgl\src\core\lv_obj_tree.h">
      <Filter>Header files\core</Filter>
    </ClInclude>
    <ClInclude Include="lvgl\src\core\lv_refr.h">
      <Filter>Header files\core</Filter>
    </ClInclude>
    <ClInclude Include="lvgl\src\core\lv_theme.h">
      <Filter>Header files\core</Filter>
    </ClInclude>
    <ClInclude Include="lvgl\src\draw\lv_draw.h">
      <Filter>Header files\draw</Filter>
    </ClInclude>
    <ClInclude Include="lvgl\src\draw\lv_draw_arc.h">
      <Filter>Header files\draw</Filter>
    </ClInclude>
    <ClInclude Include="lvgl\src\draw\lv_draw_blend.h">
      <Filter>Header files\draw</Filter>
    </ClInclude>
    <ClInclude Include="lvgl\src\draw\lv_draw_img.h">
      <Filter>Header files\draw</Filter>
    </ClInclude>
    <ClInclude Include="lvgl\src\draw\lv_draw_label.h">
      <Filter>Header files\draw</Filter>
    </ClInclude>
    <ClInclude Include="lvgl\src\draw\lv_draw_line.h">
      <Filter>Header files\draw</Filter>
    </ClInclude>
    <ClInclude Include="lvgl\src\draw\lv_draw_mask.h">
      <Filter>Header files\draw</Filter>
    </ClInclude>
    <ClInclude Include="lvgl\src\draw\lv_draw_rect.h">
      <Filter>Header files\draw</Filter>
    </ClInclude>
    <ClInclude Include="lvgl\src\draw\lv_draw_triangle.h">
      <Filter>Header files\draw</Filter>
    </ClInclude>
    <ClInclude Include="lvgl\src\draw\lv_img_buf.h">
      <Filter>Header files\draw</Filter>
    </ClInclude>
    <ClInclude Include="lvgl\src\draw\lv_img_cache.h">
      <Filter>Header files\draw</Filter>
    </ClInclude>
    <ClInclude Include="lvgl\src\draw\lv_img_decoder.h">
      <Filter>Header files\draw</Filter>
    </ClInclude>
    <ClInclude Include="lvgl\src\extra\lv_extra.h">
      <Filter>Header files\extra</Filter>
    </ClInclude>
    <ClInclude Include="lvgl\src\extra\layouts\lv_layouts.h">
      <Filter>Header files\extra\layouts</Filter>
    </ClInclude>
    <ClInclude Include="lvgl\src\extra\layouts\flex\lv_flex.h">
      <Filter>Header files\extra\layouts\flex</Filter>
    </ClInclude>
    <ClInclude Include="lvgl\src\extra\layouts\grid\lv_grid.h">
      <Filter>Header files\extra\layouts\grid</Filter>
    </ClInclude>
    <ClInclude Include="lvgl\src\extra\themes\lv_themes.h">
      <Filter>Header files\extra\themes</Filter>
    </ClInclude>
    <ClInclude Include="lvgl\src\extra\themes\basic\lv_theme_basic.h">
      <Filter>Header files\extra\themes\basic</Filter>
    </ClInclude>
    <ClInclude Include="lvgl\src\extra\themes\default\lv_theme_default.h">
      <Filter>Header files\extra\themes\default</Filter>
    </ClInclude>
    <ClInclude Include="lvgl\src\extra\themes\mono\lv_theme_mono.h">
      <Filter>Header files\extra\themes\mono</Filter>
    </ClInclude>
    <ClInclude Include="lvgl\src\extra\widgets\lv_widgets.h">
      <Filter>Header files\extra\widgets</Filter>
    </ClInclude>
    <ClInclude Include="lvgl\src\extra\widgets\animimg\lv_animimg.h">
      <Filter>Header files\extra\widgets\animimg</Filter>
    </ClInclude>
    <ClInclude Include="lvgl\src\extra\widgets\calendar\lv_calendar.h">
      <Filter>Header files\extra\widgets\calendar</Filter>
    </ClInclude>
    <ClInclude Include="lvgl\src\extra\widgets\calendar\lv_calendar_header_arrow.h">
      <Filter>Header files\extra\widgets\calendar</Filter>
    </ClInclude>
    <ClInclude Include="lvgl\src\extra\widgets\calendar\lv_calendar_header_dropdown.h">
      <Filter>Header files\extra\widgets\calendar</Filter>
    </ClInclude>
    <ClInclude Include="lvgl\src\extra\widgets\chart\lv_chart.h">
      <Filter>Header files\extra\widgets\chart</Filter>
    </ClInclude>
    <ClInclude Include="lvgl\src\extra\widgets\colorwheel\lv_colorwheel.h">
      <Filter>Header files\extra\widgets\colorwheel</Filter>
    </ClInclude>
    <ClInclude Include="lvgl\src\extra\widgets\imgbtn\lv_imgbtn.h">
      <Filter>Header files\extra\widgets\imgbtn</Filter>
    </ClInclude>
    <ClInclude Include="lvgl\src\extra\widgets\keyboard\lv_keyboard.h">
      <Filter>Header files\extra\widgets\keyboard</Filter>
    </ClInclude>
    <ClInclude Include="lvgl\src\extra\widgets\led\lv_led.h">
      <Filter>Header files\extra\widgets\led</Filter>
    </ClInclude>
    <ClInclude Include="lvgl\src\extra\widgets\list\lv_list.h">
      <Filter>Header files\extra\widgets\list</Filter>
    </ClInclude>
    <ClInclude Include="lvgl\src\extra\widgets\meter\lv_meter.h">
      <Filter>Header files\extra\widgets\meter</Filter>
    </ClInclude>
    <ClInclude Include="lvgl\src\extra\widgets\msgbox\lv_msgbox.h">
      <Filter>Header files\extra\widgets\msgbox</Filter>
    </ClInclude>
    <ClInclude Include="lvgl\src\extra\widgets\span\lv_span.h">
      <Filter>Header files\extra\widgets\span</Filter>
    </ClInclude>
    <ClInclude Include="lvgl\src\extra\widgets\spinbox\lv_spinbox.h">
      <Filter>Header files\extra\widgets\spinbox</Filter>
    </ClInclude>
    <ClInclude Include="lvgl\src\extra\widgets\spinner\lv_spinner.h">
      <Filter>Header files\extra\widgets\spinner</Filter>
    </ClInclude>
    <ClInclude Include="lvgl\src\extra\widgets\tabview\lv_tabview.h">
      <Filter>Header files\extra\widgets\tabview</Filter>
    </ClInclude>
    <ClInclude Include="lvgl\src\extra\widgets\tileview\lv_tileview.h">
      <Filter>Header files\extra\widgets\tileview</Filter>
    </ClInclude>
    <ClInclude Include="lvgl\src\extra\widgets\win\lv_win.h">
      <Filter>Header files\extra\widgets\win</Filter>
    </ClInclude>
    <ClInclude Include="lvgl\src\font\lv_font.h">
      <Filter>Header files\font</Filter>
    </ClInclude>
    <ClInclude Include="lvgl\src\font\lv_font_fmt_txt.h">
      <Filter>Header files\font</Filter>
    </ClInclude>
    <ClInclude Include="lvgl\src\font\lv_font_loader.h">
      <Filter>Header files\font</Filter>
    </ClInclude>
    <ClInclude Include="lvgl\src\font\lv_symbol_def.h">
      <Filter>Header files\font</Filter>
    </ClInclude>
    <ClInclude Include="lvgl\src\gpu\lv_gpu_nxp_pxp.h">
      <Filter>Header files\gpu</Filter>
    </ClInclude>
    <ClInclude Include="lvgl\src\gpu\lv_gpu_nxp_pxp_osa.h">
      <Filter>Header files\gpu</Filter>
    </ClInclude>
    <ClInclude Include="lvgl\src\gpu\lv_gpu_nxp_vglite.h">
      <Filter>Header files\gpu</Filter>
    </ClInclude>
    <ClInclude Include="lvgl\src\gpu\lv_gpu_stm32_dma2d.h">
      <Filter>Header files\gpu</Filter>
    </ClInclude>
    <ClInclude Include="lvgl\src\hal\lv_hal.h">
      <Filter>Header files\hal</Filter>
    </ClInclude>
    <ClInclude Include="lvgl\src\hal\lv_hal_disp.h">
      <Filter>Header files\hal</Filter>
    </ClInclude>
    <ClInclude Include="lvgl\src\hal\lv_hal_indev.h">
      <Filter>Header files\hal</Filter>
    </ClInclude>
    <ClInclude Include="lvgl\src\hal\lv_hal_tick.h">
      <Filter>Header files\hal</Filter>
    </ClInclude>
    <ClInclude Include="lvgl\src\misc\lv_anim.h">
      <Filter>Header files\misc</Filter>
    </ClInclude>
    <ClInclude Include="lvgl\src\misc\lv_area.h">
      <Filter>Header files\misc</Filter>
    </ClInclude>
    <ClInclude Include="lvgl\src\misc\lv_assert.h">
      <Filter>Header files\misc</Filter>
    </ClInclude>
    <ClInclude Include="lvgl\src\misc\lv_async.h">
      <Filter>Header files\misc</Filter>
    </ClInclude>
    <ClInclude Include="lvgl\src\misc\lv_bidi.h">
      <Filter>Header files\misc</Filter>
    </ClInclude>
    <ClInclude Include="lvgl\src\misc\lv_color.h">
      <Filter>Header files\misc</Filter>
    </ClInclude>
    <ClInclude Include="lvgl\src\misc\lv_fs.h">
      <Filter>Header files\misc</Filter>
    </ClInclude>
    <ClInclude Include="lvgl\src\misc\lv_gc.h">
      <Filter>Header files\misc</Filter>
    </ClInclude>
    <ClInclude Include="lvgl\src\misc\lv_ll.h">
      <Filter>Header files\misc</Filter>
    </ClInclude>
    <ClInclude Include="lvgl\src\misc\lv_log.h">
      <Filter>Header files\misc</Filter>
    </ClInclude>
    <ClInclude Include="lvgl\src\misc\lv_math.h">
      <Filter>Header files\misc</Filter>
    </ClInclude>
    <ClInclude Include="lvgl\src\misc\lv_mem.h">
      <Filter>Header files\misc</Filter>
    </ClInclude>
    <ClInclude Include="lvgl\src\misc\lv_printf.h">
      <Filter>Header files\misc</Filter>
    </ClInclude>
    <ClInclude Include="lvgl\src\misc\lv_style.h">
      <Filter>Header files\misc</Filter>
    </ClInclude>
    <ClInclude Include="lvgl\src\misc\lv_style_gen.h">
      <Filter>Header files\misc</Filter>
    </ClInclude>
    <ClInclude Include="lvgl\src\misc\lv_templ.h">
      <Filter>Header files\misc</Filter>
    </ClInclude>
    <ClInclude Include="lvgl\src\misc\lv_timer.h">
      <Filter>Header files\misc</Filter>
    </ClInclude>
    <ClInclude Include="lvgl\src\misc\lv_tlsf.h">
      <Filter>Header files\misc</Filter>
    </ClInclude>
    <ClInclude Include="lvgl\src\misc\lv_txt.h">
      <Filter>Header files\misc</Filter>
    </ClInclude>
    <ClInclude Include="lvgl\src\misc\lv_txt_ap.h">
      <Filter>Header files\misc</Filter>
    </ClInclude>
    <ClInclude Include="lvgl\src\misc\lv_types.h">
      <Filter>Header files\misc</Filter>
    </ClInclude>
    <ClInclude Include="lvgl\src\misc\lv_utils.h">
      <Filter>Header files\misc</Filter>
    </ClInclude>
    <ClInclude Include="lvgl\src\widgets\lv_arc.h">
      <Filter>Header files\widgets</Filter>
    </ClInclude>
    <ClInclude Include="lvgl\src\widgets\lv_bar.h">
      <Filter>Header files\widgets</Filter>
    </ClInclude>
    <ClInclude Include="lvgl\src\widgets\lv_btn.h">
      <Filter>Header files\widgets</Filter>
    </ClInclude>
    <ClInclude Include="lvgl\src\widgets\lv_btnmatrix.h">
      <Filter>Header files\widgets</Filter>
    </ClInclude>
    <ClInclude Include="lvgl\src\widgets\lv_canvas.h">
      <Filter>Header files\widgets</Filter>
    </ClInclude>
    <ClInclude Include="lvgl\src\widgets\lv_checkbox.h">
      <Filter>Header files\widgets</Filter>
    </ClInclude>
    <ClInclude Include="lvgl\src\widgets\lv_dropdown.h">
      <Filter>Header files\widgets</Filter>
    </ClInclude>
    <ClInclude Include="lvgl\src\widgets\lv_img.h">
      <Filter>Header files\widgets</Filter>
    </ClInclude>
    <ClInclude Include="lvgl\src\widgets\lv_label.h">
      <Filter>Header files\widgets</Filter>
    </ClInclude>
    <ClInclude Include="lvgl\src\widgets\lv_line.h">
      <Filter>Header files\widgets</Filter>
    </ClInclude>
    <ClInclude Include="lvgl\src\widgets\lv_objx_templ.h">
      <Filter>Header files\widgets</Filter>
    </ClInclude>
    <ClInclude Include="lvgl\src\widgets\lv_roller.h">
      <Filter>Header files\widgets</Filter>
    </ClInclude>
    <ClInclude Include="lvgl\src\widgets\lv_slider.h">
      <Filter>Header files\widgets</Filter>
    </ClInclude>
    <ClInclude Include="lvgl\src\widgets\lv_switch.h">
      <Filter>Header files\widgets</Filter>
    </ClInclude>
    <ClInclude Include="lvgl\src\widgets\lv_table.h">
      <Filter>Header files\widgets</Filter>
    </ClInclude>
    <ClInclude Include="lvgl\src\widgets\lv_textarea.h">
      <Filter>Header files\widgets</Filter>
    </ClInclude>
    <ClCompile Include="FreeSansOblique24.c">
      <Filter>Source files</Filter>
    </ClCompile>
    <ClCompile Include="FreeSansOblique32.c">
      <Filter>Source files</Filter>
    </ClCompile>
    <ClCompile Include="FreeSansOblique42.c">
      <Filter>Source files</Filter>
    </ClCompile>
    <ClCompile Include="ble_interface.cpp">
      <Filter>Source files</Filter>
    </ClCompile>
    <ClCompile Include="lv_drivers\indev\AD_touch.c">
      <Filter>Source files\lv_drivers</Filter>
    </ClCompile>
    <ClCompile Include="lv_drivers\display\drm.c">
      <Filter>Source files\lv_drivers</Filter>
    </ClCompile>
    <ClCompile Include="lv_drivers\indev\evdev.c">
      <Filter>Source files\lv_drivers</Filter>
    </ClCompile>
    <ClCompile Include="lv_drivers\display\fbdev.c">
      <Filter>Source files\lv_drivers</Filter>
    </ClCompile>
    <ClCompile Include="lv_drivers\indev\FT5406EE8.c">
      <Filter>Source files\lv_drivers</Filter>
    </ClCompile>
    <ClCompile Include="lv_drivers\display\GC9A01.c">
      <Filter>Source files\lv_drivers</Filter>
    </ClCompile>
    <ClCompile Include="lv_drivers\display\ILI9341.c">
      <Filter>Source files\lv_drivers</Filter>
    </ClCompile>
    <ClCompile Include="lv_drivers\indev\keyboard.c">
      <Filter>Source files\lv_drivers</Filter>
    </ClCompile>
    <ClCompile Include="lv_drivers\indev\libinput.c">
      <Filter>Source files\lv_drivers</Filter>
    </ClCompile>
    <ClCompile Include="lv_drivers\display\monitor.c">
      <Filter>Source files\lv_drivers</Filter>
    </ClCompile>
    <ClCompile Include="lv_drivers\indev\mouse.c">
      <Filter>Source files\lv_drivers</Filter>
    </ClCompile>
    <ClCompile Include="lv_drivers\indev\mousewheel.c">
      <Filter>Source files\lv_drivers</Filter>
    </ClCompile>
    <ClCompile Include="lv_drivers\display\R61581.c">
      <Filter>Source files\lv_drivers</Filter>
    </ClCompile>
    <ClCompile Include="lv_drivers\indev\XPT2046.c">
      <Filter>Source files\lv_drivers</Filter>
    </ClCompile>
    <ClCompile Include="lv_drivers\display\UC1610.c">
      <Filter>Source files\lv_drivers</Filter>
    </ClCompile>
    <ClCompile Include="lv_drivers\display\ST7565.c">
      <Filter>Source files\lv_drivers</Filter>
    </ClCompile>
    <ClCompile Include="lv_drivers\display\SSD1963.c">
      <Filter>Source files\lv_drivers</Filter>
    </ClCompile>
    <ClCompile Include="lv_drivers\display\SHARP_MIP.c">
      <Filter>Source files\lv_drivers</Filter>
    </ClCompile>
    <ClCompile Include="sdrstream.cpp">
      <Filter>Source files</Filter>
    </ClCompile>
    <ClCompile Include="vfo.cpp">
      <Filter>Source files</Filter>
    </ClCompile>
    <ClCompile Include="gui_top_bar.cpp">
      <Filter>Source files</Filter>
    </ClCompile>
    <ClCompile Include="gui_vfo.cpp">
      <Filter>Source files</Filter>
    </ClCompile>
    <ClCompile Include="AudioOutput.cpp">
      <Filter>Source files</Filter>
    </ClCompile>
    <ClCompile Include="Filter.cpp">
      <Filter>Source files</Filter>
    </ClCompile>
    <ClCompile Include="FmDecode.cpp">
      <Filter>Source files</Filter>
    </ClCompile>
    <ClCompile Include="Settings.cpp">
      <Filter>Source files</Filter>
    </ClCompile>
    <ClCompile Include="strlib.cpp">
      <Filter>Source files</Filter>
    </ClCompile>
    <ClCompile Include="Gui_band.cpp">
      <Filter>Source files</Filter>
    </ClCompile>
    <ClCompile Include="Keyboard.cpp">
      <Filter>Source files</Filter>
    </ClCompile>
    <ClCompile Include="Waterfall.cpp">
      <Filter>Source files</Filter>
    </ClCompile>
    <ClCompile Include="Setup.cpp">
      <Filter>Source files</Filter>
    </ClCompile>
    <ClCompile Include="AMDemodulator.cpp">
      <Filter>Source files</Filter>
    </ClCompile>
    <ClCompile Include="RtMidi.cpp">
      <Filter>Source files\Rtmidi</Filter>
    </ClCompile>
    <ClCompile Include="MidiControle.cpp">
      <Filter>Source files\Rtmidi</Filter>
    </ClCompile>
    <ClCompile Include="FreeSans42.c">
      <Filter>Source files</Filter>
    </ClCompile>
    <ClCompile Include="AudioInput.cpp">
      <Filter>Source files</Filter>
    </ClCompile>
    <ClCompile Include="gui_tx.cpp">
      <Filter>Source files</Filter>
    </ClCompile>
    <ClCompile Include="gui_rx.cpp">
      <Filter>Source files</Filter>
    </ClCompile>
    <ClCompile Include="configoption.cpp">
      <Filter>Source files\config</Filter>
    </ClCompile>
    <ClCompile Include="configfile.cpp">
      <Filter>Source files\config</Filter>
    </ClCompile>
    <ClCompile Include="Mouse.cpp">
      <Filter>Source files</Filter>
    </ClCompile>
    <ClCompile Include="Catinterface.cpp">
      <Filter>Source files</Filter>
    </ClCompile>
    <ClCompile Include="FT891_CAT.cpp">
      <Filter>Source files</Filter>
    </ClCompile>
    <ClCompile Include="wiringSerial.c">
      <Filter>Source files</Filter>
    </ClCompile>
    <ClCompile Include="BandFilter.cpp">
      <Filter>Source files</Filter>
    </ClCompile>
    <ClCompile Include="PCF8574.cpp">
      <Filter>Source files</Filter>
    </ClCompile>
    <ClCompile Include="wiringPiI2C.c">
      <Filter>Source files</Filter>
    </ClCompile>
    <ClCompile Include="Agc_class.cpp">
      <Filter>Source files</Filter>
    </ClCompile>
    <ClCompile Include="gui_agc.cpp">
      <Filter>Source files</Filter>
    </ClCompile>
    <ClCompile Include="gui_bar.cpp">
      <Filter>Source files</Filter>
    </ClCompile>
    <ClCompile Include="FMDemodulator.cpp">
      <Filter>Source files</Filter>
    </ClCompile>
    <ClCompile Include="Demodulator.cpp">
      <Filter>Source files</Filter>
    </ClCompile>
    <ClCompile Include="FMModulator.cpp">
      <Filter>Source files</Filter>
    </ClCompile>
    <ClCompile Include="AMModulator.cpp">
      <Filter>Source files</Filter>
    </ClCompile>
    <ClCompile Include="SdrDevice.cpp">
      <Filter>Source files</Filter>
    </ClCompile>
    <ClCompile Include="gui_setup.cpp">
      <Filter>Source files</Filter>
    </ClCompile>
    <ClCompile Include="lvgl\src\misc\lv_anim.c">
      <Filter>Source files\lvgl</Filter>
    </ClCompile>
    <ClCompile Include="lvgl\src\misc\lv_anim_timeline.c">
      <Filter>Source files\lvgl</Filter>
    </ClCompile>
    <ClCompile Include="lvgl\src\extra\widgets\animimg\lv_animimg.c">
      <Filter>Source files\lvgl</Filter>
    </ClCompile>
    <ClCompile Include="lvgl\src\widgets\lv_arc.c">
      <Filter>Source files\lvgl</Filter>
    </ClCompile>
    <ClCompile Include="lvgl\src\misc\lv_area.c">
      <Filter>Source files\lvgl</Filter>
    </ClCompile>
    <ClCompile Include="lvgl\src\misc\lv_async.c">
      <Filter>Source files\lvgl</Filter>
    </ClCompile>
    <ClCompile Include="lvgl\src\widgets\lv_bar.c">
      <Filter>Source files\lvgl</Filter>
    </ClCompile>
    <ClCompile Include="lvgl\src\misc\lv_bidi.c">
      <Filter>Source files\lvgl</Filter>
    </ClCompile>
    <ClCompile Include="lvgl\src\extra\libs\bmp\lv_bmp.c">
      <Filter>Source files\lvgl</Filter>
    </ClCompile>
    <ClCompile Include="lvgl\src\widgets\lv_btn.c">
      <Filter>Source files\lvgl</Filter>
    </ClCompile>
    <ClCompile Include="lvgl\src\widgets\lv_btnmatrix.c">
      <Filter>Source files\lvgl</Filter>
    </ClCompile>
    <ClCompile Include="lvgl\src\extra\widgets\calendar\lv_calendar.c">
      <Filter>Source files\lvgl</Filter>
    </ClCompile>
    <ClCompile Include="lvgl\src\extra\widgets\calendar\lv_calendar_header_arrow.c">
      <Filter>Source files\lvgl</Filter>
    </ClCompile>
    <ClCompile Include="lvgl\src\extra\widgets\calendar\lv_calendar_header_dropdown.c">
      <Filter>Source files\lvgl</Filter>
    </ClCompile>
    <ClCompile Include="lvgl\src\widgets\lv_canvas.c">
      <Filter>Source files\lvgl</Filter>
    </ClCompile>
    <ClCompile Include="lvgl\src\extra\widgets\chart\lv_chart.c">
      <Filter>Source files\lvgl</Filter>
    </ClCompile>
    <ClCompile Include="lvgl\src\widgets\lv_checkbox.c">
      <Filter>Source files\lvgl</Filter>
    </ClCompile>
    <ClCompile Include="lvgl\src\misc\lv_color.c">
      <Filter>Source files\lvgl</Filter>
    </ClCompile>
    <ClCompile Include="lvgl\src\extra\widgets\colorwheel\lv_colorwheel.c">
      <Filter>Source files\lvgl</Filter>
    </ClCompile>
    <ClCompile Include="lvgl\src\core\lv_disp.c">
      <Filter>Source files\lvgl</Filter>
    </ClCompile>
    <ClCompile Include="lvgl\src\draw\lv_draw.c">
      <Filter>Source files\lvgl</Filter>
    </ClCompile>
    <ClCompile Include="lvgl\src\draw\lv_draw_arc.c">
      <Filter>Source files\lvgl</Filter>
    </ClCompile>
    <ClCompile Include="lvgl\src\draw\lv_draw_blend.c">
      <Filter>Source files\lvgl</Filter>
    </ClCompile>
    <ClCompile Include="lvgl\src\draw\lv_draw_img.c">
      <Filter>Source files\lvgl</Filter>
    </ClCompile>
    <ClCompile Include="lvgl\src\draw\lv_draw_label.c">
      <Filter>Source files\lvgl</Filter>
    </ClCompile>
    <ClCompile Include="lvgl\src\draw\lv_draw_line.c">
      <Filter>Source files\lvgl</Filter>
    </ClCompile>
    <ClCompile Include="lvgl\src\draw\lv_draw_rect.c">
      <Filter>Source files\lvgl</Filter>
    </ClCompile>
    <ClCompile Include="lvgl\src\draw\sdl\lv_draw_sdl_blend.c">
      <Filter>Source files\lvgl</Filter>
    </ClCompile>
    <ClCompile Include="lvgl\src\draw\sdl\lv_draw_sdl_img.c">
      <Filter>Source files\lvgl</Filter>
    </ClCompile>
    <ClCompile Include="lvgl\src\draw\sdl\lv_draw_sdl_label.c">
      <Filter>Source files\lvgl</Filter>
    </ClCompile>
    <ClCompile Include="lvgl\src\draw\sdl\lv_draw_sdl_lru.c">
      <Filter>Source files\lvgl</Filter>
    </ClCompile>
    <ClCompile Include="lvgl\src\draw\sdl\lv_draw_sdl_mask.c">
      <Filter>Source files\lvgl</Filter>
    </ClCompile>
    <ClCompile Include="lvgl\src\draw\sdl\lv_draw_sdl_rect.c">
      <Filter>Source files\lvgl</Filter>
    </ClCompile>
    <ClCompile Include="lvgl\src\draw\sdl\lv_draw_sdl_stack_blur.c">
      <Filter>Source files\lvgl</Filter>
    </ClCompile>
    <ClCompile Include="lvgl\src\draw\sdl\lv_draw_sdl_texture_cache.c">
      <Filter>Source files\lvgl</Filter>
    </ClCompile>
    <ClCompile Include="lvgl\src\draw\sdl\lv_draw_sdl_utils.c">
      <Filter>Source files\lvgl</Filter>
    </ClCompile>
    <ClCompile Include="lvgl\src\draw\sw\lv_draw_sw.c">
      <Filter>Source files\lvgl</Filter>
    </ClCompile>
    <ClCompile Include="lvgl\src\draw\sw\lv_draw_sw_arc.c">
      <Filter>Source files\lvgl</Filter>
    </ClCompile>
    <ClCompile Include="lvgl\src\draw\sw\lv_draw_sw_blend.c">
      <Filter>Source files\lvgl</Filter>
    </ClCompile>
    <ClCompile Include="lvgl\src\draw\sw\lv_draw_sw_img.c">
      <Filter>Source files\lvgl</Filter>
    </ClCompile>
    <ClCompile Include="lvgl\src\draw\sw\lv_draw_sw_letter.c">
      <Filter>Source files\lvgl</Filter>
    </ClCompile>
    <ClCompile Include="lvgl\src\draw\sw\lv_draw_sw_line.c">
      <Filter>Source files\lvgl</Filter>
    </ClCompile>
    <ClCompile Include="lvgl\src\draw\sw\lv_draw_sw_mask.c">
      <Filter>Source files\lvgl</Filter>
    </ClCompile>
    <ClCompile Include="lvgl\src\draw\sw\lv_draw_sw_polygon.c">
      <Filter>Source files\lvgl</Filter>
    </ClCompile>
    <ClCompile Include="lvgl\src\draw\sw\lv_draw_sw_rect.c">
      <Filter>Source files\lvgl</Filter>
    </ClCompile>
    <ClCompile Include="lvgl\src\draw\lv_draw_triangle.c">
      <Filter>Source files\lvgl</Filter>
    </ClCompile>
    <ClCompile Include="lvgl\src\widgets\lv_dropdown.c">
      <Filter>Source files\lvgl</Filter>
    </ClCompile>
    <ClCompile Include="lvgl\src\core\lv_event.c">
      <Filter>Source files\lvgl</Filter>
    </ClCompile>
    <ClCompile Include="lvgl\src\extra\lv_extra.c">
      <Filter>Source files\lvgl</Filter>
    </ClCompile>
    <ClCompile Include="lvgl\src\extra\libs\ffmpeg\lv_ffmpeg.c">
      <Filter>Source files\lvgl</Filter>
    </ClCompile>
    <ClCompile Include="lvgl\src\extra\layouts\flex\lv_flex.c">
      <Filter>Source files\lvgl</Filter>
    </ClCompile>
    <ClCompile Include="lvgl\src\font\lv_font.c">
      <Filter>Source files\lvgl</Filter>
    </ClCompile>
    <ClCompile Include="lvgl\src\font\lv_font_dejavu_16_persian_hebrew.c">
      <Filter>Source files\lvgl</Filter>
    </ClCompile>
    <ClCompile Include="lvgl\src\font\lv_font_fmt_txt.c">
      <Filter>Source files\lvgl</Filter>
    </ClCompile>
    <ClCompile Include="lvgl\src\font\lv_font_loader.c">
      <Filter>Source files\lvgl</Filter>
    </ClCompile>
    <ClCompile Include="lvgl\src\font\lv_font_montserrat_8.c">
      <Filter>Source files\lvgl</Filter>
    </ClCompile>
    <ClCompile Include="lvgl\src\font\lv_font_montserrat_10.c">
      <Filter>Source files\lvgl</Filter>
    </ClCompile>
    <ClCompile Include="lvgl\src\font\lv_font_montserrat_12.c">
      <Filter>Source files\lvgl</Filter>
    </ClCompile>
    <ClCompile Include="lvgl\src\font\lv_font_montserrat_12_subpx.c">
      <Filter>Source files\lvgl</Filter>
    </ClCompile>
    <ClCompile Include="lvgl\src\font\lv_font_montserrat_14.c">
      <Filter>Source files\lvgl</Filter>
    </ClCompile>
    <ClCompile Include="lvgl\src\font\lv_font_montserrat_16.c">
      <Filter>Source files\lvgl</Filter>
    </ClCompile>
    <ClCompile Include="lvgl\src\font\lv_font_montserrat_18.c">
      <Filter>Source files\lvgl</Filter>
    </ClCompile>
    <ClCompile Include="lvgl\src\font\lv_font_montserrat_20.c">
      <Filter>Source files\lvgl</Filter>
    </ClCompile>
    <ClCompile Include="lvgl\src\font\lv_font_montserrat_22.c">
      <Filter>Source files\lvgl</Filter>
    </ClCompile>
    <ClCompile Include="lvgl\src\font\lv_font_montserrat_24.c">
      <Filter>Source files\lvgl</Filter>
    </ClCompile>
    <ClCompile Include="lvgl\src\font\lv_font_montserrat_26.c">
      <Filter>Source files\lvgl</Filter>
    </ClCompile>
    <ClCompile Include="lvgl\src\font\lv_font_montserrat_28.c">
      <Filter>Source files\lvgl</Filter>
    </ClCompile>
    <ClCompile Include="lvgl\src\font\lv_font_montserrat_28_compressed.c">
      <Filter>Source files\lvgl</Filter>
    </ClCompile>
    <ClCompile Include="lvgl\src\font\lv_font_montserrat_30.c">
      <Filter>Source files\lvgl</Filter>
    </ClCompile>
    <ClCompile Include="lvgl\src\font\lv_font_montserrat_32.c">
      <Filter>Source files\lvgl</Filter>
    </ClCompile>
    <ClCompile Include="lvgl\src\font\lv_font_montserrat_34.c">
      <Filter>Source files\lvgl</Filter>
    </ClCompile>
    <ClCompile Include="lvgl\src\font\lv_font_montserrat_36.c">
      <Filter>Source files\lvgl</Filter>
    </ClCompile>
    <ClCompile Include="lvgl\src\font\lv_font_montserrat_38.c">
      <Filter>Source files\lvgl</Filter>
    </ClCompile>
    <ClCompile Include="lvgl\src\font\lv_font_montserrat_40.c">
      <Filter>Source files\lvgl</Filter>
    </ClCompile>
    <ClCompile Include="lvgl\src\font\lv_font_montserrat_42.c">
      <Filter>Source files\lvgl</Filter>
    </ClCompile>
    <ClCompile Include="lvgl\src\font\lv_font_montserrat_44.c">
      <Filter>Source files\lvgl</Filter>
    </ClCompile>
    <ClCompile Include="lvgl\src\font\lv_font_montserrat_46.c">
      <Filter>Source files\lvgl</Filter>
    </ClCompile>
    <ClCompile Include="lvgl\src\font\lv_font_montserrat_48.c">
      <Filter>Source files\lvgl</Filter>
    </ClCompile>
    <ClCompile Include="lvgl\src\font\lv_font_simsun_16_cjk.c">
      <Filter>Source files\lvgl</Filter>
    </ClCompile>
    <ClCompile Include="lvgl\src\font\lv_font_unscii_8.c">
      <Filter>Source files\lvgl</Filter>
    </ClCompile>
    <ClCompile Include="lvgl\src\font\lv_font_unscii_16.c">
      <Filter>Source files\lvgl</Filter>
    </ClCompile>
    <ClCompile Include="lvgl\src\extra\libs\freetype\lv_freetype.c">
      <Filter>Source files\lvgl</Filter>
    </ClCompile>
    <ClCompile Include="lvgl\src\misc\lv_fs.c">
      <Filter>Source files\lvgl</Filter>
    </ClCompile>
    <ClCompile Include="lvgl\src\extra\libs\fsdrv\lv_fs_fatfs.c">
      <Filter>Source files\lvgl</Filter>
    </ClCompile>
    <ClCompile Include="lvgl\src\extra\libs\fsdrv\lv_fs_posix.c">
      <Filter>Source files\lvgl</Filter>
    </ClCompile>
    <ClCompile Include="lvgl\src\extra\libs\fsdrv\lv_fs_stdio.c">
      <Filter>Source files\lvgl</Filter>
    </ClCompile>
    <ClCompile Include="lvgl\src\extra\libs\fsdrv\lv_fs_win32.c">
      <Filter>Source files\lvgl</Filter>
    </ClCompile>
    <ClCompile Include="lvgl\src\misc\lv_gc.c">
      <Filter>Source files\lvgl</Filter>
    </ClCompile>
    <ClCompile Include="lvgl\src\extra\libs\gif\lv_gif.c">
      <Filter>Source files\lvgl</Filter>
    </ClCompile>
    <ClCompile Include="lvgl\src\gpu\lv_gpu_nxp_pxp.c">
      <Filter>Source files\lvgl</Filter>
    </ClCompile>
    <ClCompile Include="lvgl\src\gpu\lv_gpu_nxp_pxp_osa.c">
      <Filter>Source files\lvgl</Filter>
    </ClCompile>
    <ClCompile Include="lvgl\src\gpu\lv_gpu_nxp_vglite.c">
      <Filter>Source files\lvgl</Filter>
    </ClCompile>
    <ClCompile Include="lvgl\src\gpu\lv_gpu_sdl.c">
      <Filter>Source files\lvgl</Filter>
    </ClCompile>
    <ClCompile Include="lvgl\src\gpu\lv_gpu_stm32_dma2d.c">
      <Filter>Source files\lvgl</Filter>
    </ClCompile>
    <ClCompile Include="lvgl\src\extra\layouts\grid\lv_grid.c">
      <Filter>Source files\lvgl</Filter>
    </ClCompile>
    <ClCompile Include="lvgl\src\core\lv_group.c">
      <Filter>Source files\lvgl</Filter>
    </ClCompile>
    <ClCompile Include="lvgl\src\hal\lv_hal_disp.c">
      <Filter>Source files\lvgl</Filter>
    </ClCompile>
    <ClCompile Include="lvgl\src\hal\lv_hal_indev.c">
      <Filter>Source files\lvgl</Filter>
    </ClCompile>
    <ClCompile Include="lvgl\src\hal\lv_hal_tick.c">
      <Filter>Source files\lvgl</Filter>
    </ClCompile>
    <ClCompile Include="lvgl\src\widgets\lv_img.c">
      <Filter>Source files\lvgl</Filter>
    </ClCompile>
    <ClCompile Include="lvgl\src\draw\lv_img_buf.c">
      <Filter>Source files\lvgl</Filter>
    </ClCompile>
    <ClCompile Include="lvgl\src\draw\lv_img_cache.c">
      <Filter>Source files\lvgl</Filter>
    </ClCompile>
    <ClCompile Include="lvgl\src\draw\lv_img_decoder.c">
      <Filter>Source files\lvgl</Filter>
    </ClCompile>
    <ClCompile Include="lvgl\src\extra\widgets\imgbtn\lv_imgbtn.c">
      <Filter>Source files\lvgl</Filter>
    </ClCompile>
    <ClCompile Include="lvgl\src\core\lv_indev.c">
      <Filter>Source files\lvgl</Filter>
    </ClCompile>
    <ClCompile Include="lvgl\src\core\lv_indev_scroll.c">
      <Filter>Source files\lvgl</Filter>
    </ClCompile>
    <ClCompile Include="lvgl\src\extra\widgets\keyboard\lv_keyboard.c">
      <Filter>Source files\lvgl</Filter>
    </ClCompile>
    <ClCompile Include="lvgl\src\widgets\lv_label.c">
      <Filter>Source files\lvgl</Filter>
    </ClCompile>
    <ClCompile Include="lvgl\src\extra\widgets\led\lv_led.c">
      <Filter>Source files\lvgl</Filter>
    </ClCompile>
    <ClCompile Include="lvgl\src\widgets\lv_line.c">
      <Filter>Source files\lvgl</Filter>
    </ClCompile>
    <ClCompile Include="lvgl\src\extra\widgets\list\lv_list.c">
      <Filter>Source files\lvgl</Filter>
    </ClCompile>
    <ClCompile Include="lvgl\src\misc\lv_ll.c">
      <Filter>Source files\lvgl</Filter>
    </ClCompile>
    <ClCompile Include="lvgl\src\misc\lv_log.c">
      <Filter>Source files\lvgl</Filter>
    </ClCompile>
    <ClCompile Include="lvgl\src\misc\lv_math.c">
      <Filter>Source files\lvgl</Filter>
    </ClCompile>
    <ClCompile Include="lvgl\src\misc\lv_mem.c">
      <Filter>Source files\lvgl</Filter>
    </ClCompile>
    <ClCompile Include="lvgl\src\extra\widgets\menu\lv_menu.c">
      <Filter>Source files\lvgl</Filter>
    </ClCompile>
    <ClCompile Include="lvgl\src\extra\widgets\meter\lv_meter.c">
      <Filter>Source files\lvgl</Filter>
    </ClCompile>
    <ClCompile Include="lvgl\src\extra\others\monkey\lv_monkey.c">
      <Filter>Source files\lvgl</Filter>
    </ClCompile>
    <ClCompile Include="lvgl\src\extra\widgets\msgbox\lv_msgbox.c">
      <Filter>Source files\lvgl</Filter>
    </ClCompile>
    <ClCompile Include="lvgl\src\core\lv_obj.c">
      <Filter>Source files\lvgl</Filter>
    </ClCompile>
    <ClCompile Include="lvgl\src\core\lv_obj_class.c">
      <Filter>Source files\lvgl</Filter>
    </ClCompile>
    <ClCompile Include="lvgl\src\core\lv_obj_draw.c">
      <Filter>Source files\lvgl</Filter>
    </ClCompile>
    <ClCompile Include="lvgl\src\core\lv_obj_pos.c">
      <Filter>Source files\lvgl</Filter>
    </ClCompile>
    <ClCompile Include="lvgl\src\core\lv_obj_scroll.c">
      <Filter>Source files\lvgl</Filter>
    </ClCompile>
    <ClCompile Include="lvgl\src\core\lv_obj_style.c">
      <Filter>Source files\lvgl</Filter>
    </ClCompile>
    <ClCompile Include="lvgl\src\core\lv_obj_style_gen.c">
      <Filter>Source files\lvgl</Filter>
    </ClCompile>
    <ClCompile Include="lvgl\src\core\lv_obj_tree.c">
      <Filter>Source files\lvgl</Filter>
    </ClCompile>
    <ClCompile Include="lvgl\src\widgets\lv_objx_templ.c">
      <Filter>Source files\lvgl</Filter>
    </ClCompile>
    <ClCompile Include="lvgl\src\extra\libs\png\lv_png.c">
      <Filter>Source files\lvgl</Filter>
    </ClCompile>
    <ClCompile Include="lvgl\src\misc\lv_printf.c">
      <Filter>Source files\lvgl</Filter>
    </ClCompile>
    <ClCompile Include="lvgl\src\extra\libs\qrcode\lv_qrcode.c">
      <Filter>Source files\lvgl</Filter>
    </ClCompile>
    <ClCompile Include="lvgl\src\core\lv_refr.c">
      <Filter>Source files\lvgl</Filter>
    </ClCompile>
    <ClCompile Include="lvgl\src\extra\libs\rlottie\lv_rlottie.c">
      <Filter>Source files\lvgl</Filter>
    </ClCompile>
    <ClCompile Include="lvgl\src\widgets\lv_roller.c">
      <Filter>Source files\lvgl</Filter>
    </ClCompile>
    <ClCompile Include="lvgl\src\extra\libs\sjpg\lv_sjpg.c">
      <Filter>Source files\lvgl</Filter>
    </ClCompile>
    <ClCompile Include="lvgl\src\widgets\lv_slider.c">
      <Filter>Source files\lvgl</Filter>
    </ClCompile>
    <ClCompile Include="lvgl\src\extra\others\snapshot\lv_snapshot.c">
      <Filter>Source files\lvgl</Filter>
    </ClCompile>
    <ClCompile Include="lvgl\src\extra\widgets\span\lv_span.c">
      <Filter>Source files\lvgl</Filter>
    </ClCompile>
    <ClCompile Include="lvgl\src\extra\widgets\spinbox\lv_spinbox.c">
      <Filter>Source files\lvgl</Filter>
    </ClCompile>
    <ClCompile Include="lvgl\src\extra\widgets\spinner\lv_spinner.c">
      <Filter>Source files\lvgl</Filter>
    </ClCompile>
    <ClCompile Include="lvgl\src\misc\lv_style.c">
      <Filter>Source files\lvgl</Filter>
    </ClCompile>
    <ClCompile Include="lvgl\src\misc\lv_style_gen.c">
      <Filter>Source files\lvgl</Filter>
    </ClCompile>
    <ClCompile Include="lvgl\src\widgets\lv_switch.c">
      <Filter>Source files\lvgl</Filter>
    </ClCompile>
    <ClCompile Include="lvgl\src\widgets\lv_table.c">
      <Filter>Source files\lvgl</Filter>
    </ClCompile>
    <ClCompile Include="lvgl\src\extra\widgets\tabview\lv_tabview.c">
      <Filter>Source files\lvgl</Filter>
    </ClCompile>
    <ClCompile Include="lvgl\src\misc\lv_templ.c">
      <Filter>Source files\lvgl</Filter>
    </ClCompile>
    <ClCompile Include="lvgl\src\widgets\lv_textarea.c">
      <Filter>Source files\lvgl</Filter>
    </ClCompile>
    <ClCompile Include="lvgl\src\core\lv_theme.c">
      <Filter>Source files\lvgl</Filter>
    </ClCompile>
    <ClCompile Include="lvgl\src\extra\themes\basic\lv_theme_basic.c">
      <Filter>Source files\lvgl</Filter>
    </ClCompile>
    <ClCompile Include="lvgl\src\extra\themes\default\lv_theme_default.c">
      <Filter>Source files\lvgl</Filter>
    </ClCompile>
    <ClCompile Include="lvgl\src\extra\themes\mono\lv_theme_mono.c">
      <Filter>Source files\lvgl</Filter>
    </ClCompile>
    <ClCompile Include="lvgl\src\extra\widgets\tileview\lv_tileview.c">
      <Filter>Source files\lvgl</Filter>
    </ClCompile>
    <ClCompile Include="lvgl\src\misc\lv_timer.c">
      <Filter>Source files\lvgl</Filter>
    </ClCompile>
    <ClCompile Include="lvgl\src\misc\lv_tlsf.c">
      <Filter>Source files\lvgl</Filter>
    </ClCompile>
    <ClCompile Include="lvgl\src\misc\lv_txt.c">
      <Filter>Source files\lvgl</Filter>
    </ClCompile>
    <ClCompile Include="lvgl\src\misc\lv_txt_ap.c">
      <Filter>Source files\lvgl</Filter>
    </ClCompile>
    <ClCompile Include="lvgl\src\misc\lv_utils.c">
      <Filter>Source files\lvgl</Filter>
    </ClCompile>
    <ClCompile Include="lvgl\src\extra\widgets\win\lv_win.c">
      <Filter>Source files\lvgl</Filter>
    </ClCompile>
    <ClCompile Include="lvgl\src\extra\libs\qrcode\qrcodegen.c">
      <Filter>Source files\lvgl</Filter>
    </ClCompile>
    <ClCompile Include="lvgl\src\extra\libs\png\lodepng.c">
      <Filter>Source files\lvgl</Filter>
    </ClCompile>
    <ClCompile Include="img_lvgl_logo.c">
      <Filter>Source files\lvgl</Filter>
    </ClCompile>
    <ClCompile Include="lvgl\src\extra\libs\gif\gifdec.c">
      <Filter>Source files\lvgl</Filter>
    </ClCompile>
    <ClCompile Include="lvgl\src\extra\libs\sjpg\tjpgd.c">
      <Filter>Source files\lvgl</Filter>
    </ClCompile>
    <ClCompile Include="MorseDecoder.cpp">
      <Filter>Source files</Filter>
    </ClCompile>
    <ClCompile Include="HidDev.cpp">
      <Filter>Source files</Filter>
    </ClCompile>
    <ClCompile Include="ft8\fft.cpp">
      <Filter>Source files\ft8</Filter>
    </ClCompile>
    <ClCompile Include="ft8\ft8.cpp">
      <Filter>Source files\ft8</Filter>
    </ClCompile>
    <ClCompile Include="ft8\util.cpp">
      <Filter>Source files\ft8</Filter>
    </ClCompile>
    <ClCompile Include="FT8Demodulator.cpp">
      <Filter>Source files</Filter>
    </ClCompile>
    <ClCompile Include="ft8\unpack.cpp">
      <Filter>Source files\ft8</Filter>
    </ClCompile>
    <ClCompile Include="ft8\osd.cpp">
      <Filter>Source files\ft8</Filter>
    </ClCompile>
    <ClCompile Include="ft8\libldpc.cpp">
      <Filter>Source files\ft8</Filter>
    </ClCompile>
    <ClCompile Include="gui_ft8.cpp">
      <Filter>Source files</Filter>
    </ClCompile>
  </ItemGroup>
  <ItemGroup>
    <None Include="sdrberry-Debug.vgdbsettings">
      <Filter>VisualGDB settings</Filter>
    </None>
    <None Include="sdrberry-Release.vgdbsettings">
      <Filter>VisualGDB settings</Filter>
    </None>
  </ItemGroup>
  <ItemGroup>
    <ClInclude Include="lv_drivers\indev\AD_touch.h">
      <Filter>Header files\lv_drivers</Filter>
    </ClInclude>
    <ClInclude Include="lv_drivers\display\drm.h">
      <Filter>Header files\lv_drivers</Filter>
    </ClInclude>
    <ClInclude Include="lv_drivers\indev\evdev.h">
      <Filter>Header files\lv_drivers</Filter>
    </ClInclude>
    <ClInclude Include="lv_drivers\display\fbdev.h">
      <Filter>Header files\lv_drivers</Filter>
    </ClInclude>
    <ClInclude Include="lv_drivers\indev\FT5406EE8.h">
      <Filter>Header files\lv_drivers</Filter>
    </ClInclude>
    <ClInclude Include="lv_drivers\display\GC9A01.h">
      <Filter>Header files\lv_drivers</Filter>
    </ClInclude>
    <ClInclude Include="lv_drivers\display\ILI9341.h">
      <Filter>Header files\lv_drivers</Filter>
    </ClInclude>
    <ClInclude Include="lv_drivers\indev\keyboard.h">
      <Filter>Header files\lv_drivers</Filter>
    </ClInclude>
    <ClInclude Include="lv_drivers\display\monitor.h">
      <Filter>Header files\lv_drivers</Filter>
    </ClInclude>
    <ClInclude Include="lv_drivers\indev\mouse.h">
      <Filter>Header files\lv_drivers</Filter>
    </ClInclude>
    <ClInclude Include="lv_drivers\indev\mousewheel.h">
      <Filter>Header files\lv_drivers</Filter>
    </ClInclude>
    <ClInclude Include="blepp\pretty_printers.h">
      <Filter>Header files\lv_drivers</Filter>
    </ClInclude>
    <ClInclude Include="lv_drivers\display\R61581.h">
      <Filter>Header files\lv_drivers</Filter>
    </ClInclude>
    <ClInclude Include="lv_drivers\display\SHARP_MIP.h">
      <Filter>Header files\lv_drivers</Filter>
    </ClInclude>
    <ClInclude Include="lv_drivers\display\SSD1963.h">
      <Filter>Header files\lv_drivers</Filter>
    </ClInclude>
    <ClInclude Include="lv_drivers\display\ST7565.h">
      <Filter>Header files\lv_drivers</Filter>
    </ClInclude>
    <ClInclude Include="lv_drivers\display\UC1610.h">
      <Filter>Header files\lv_drivers</Filter>
    </ClInclude>
    <ClInclude Include="lv_drivers\indev\XPT2046.h">
      <Filter>Header files\lv_drivers</Filter>
    </ClInclude>
    <ClInclude Include="lv_drivers\indev\libinput_drv.h">
      <Filter>Header files\lv_drivers</Filter>
    </ClInclude>
    <ClInclude Include="lvgl\src\lv_api_map.h">
      <Filter>Header files\lvgl</Filter>
    </ClInclude>
    <ClInclude Include="lv_conf.h">
      <Filter>Header files\lvgl</Filter>
    </ClInclude>
    <ClInclude Include="lvgl\src\lv_conf_internal.h">
      <Filter>Header files\lvgl</Filter>
    </ClInclude>
    <ClInclude Include="lvgl\src\lv_conf_kconfig.h">
      <Filter>Header files\lvgl</Filter>
    </ClInclude>
    <ClInclude Include="lv_drv_conf.h">
      <Filter>Header files\lvgl</Filter>
    </ClInclude>
    <ClInclude Include="lvgl\src\lvgl.h">
      <Filter>Header files\lvgl</Filter>
    </ClInclude>
    <ClInclude Include="SoapySDR\Device.hpp">
      <Filter>Header files\SoapySDR</Filter>
    </ClInclude>
    <ClInclude Include="SoapySDR\Config.hpp">
      <Filter>Header files\SoapySDR</Filter>
    </ClInclude>
    <ClInclude Include="SoapySDR\Formats.hpp">
      <Filter>Header files\SoapySDR</Filter>
    </ClInclude>
    <ClInclude Include="wstring.h">
      <Filter>Header files</Filter>
    </ClInclude>
    <ClInclude Include="SoapySDR\ConverterPrimitives.hpp">
      <Filter>Header files\SoapySDR</Filter>
    </ClInclude>
    <ClInclude Include="SoapySDR\ConverterRegistry.hpp">
      <Filter>Header files\SoapySDR</Filter>
    </ClInclude>
    <ClInclude Include="SoapySDR\Registry.hpp">
      <Filter>Header files\SoapySDR</Filter>
    </ClInclude>
    <ClInclude Include="SoapySDR\Time.hpp">
      <Filter>Header files\SoapySDR</Filter>
    </ClInclude>
    <ClInclude Include="SoapySDR\Types.hpp">
      <Filter>Header files\SoapySDR</Filter>
    </ClInclude>
    <ClInclude Include="SoapySDR\Version.hpp">
      <Filter>Header files\SoapySDR</Filter>
    </ClInclude>
    <ClInclude Include="sdrstream.h">
      <Filter>Header files</Filter>
    </ClInclude>
    <ClInclude Include="vfo.h">
      <Filter>Header files</Filter>
    </ClInclude>
    <ClInclude Include="gui_top_bar.h">
      <Filter>Header files</Filter>
    </ClInclude>
    <ClInclude Include="gui_vfo.h">
      <Filter>Header files</Filter>
    </ClInclude>
    <ClInclude Include="liquid.h">
      <Filter>Header files</Filter>
    </ClInclude>
    <ClInclude Include="liquid.internal.h">
      <Filter>Header files</Filter>
    </ClInclude>
    <ClInclude Include="AudioOutput.h">
      <Filter>Header files</Filter>
    </ClInclude>
    <ClInclude Include="Filter.h">
      <Filter>Header files</Filter>
    </ClInclude>
    <ClInclude Include="FmDecode.h">
      <Filter>Header files</Filter>
    </ClInclude>
    <ClInclude Include="sdrberry.h">
      <Filter>Header files</Filter>
    </ClInclude>
    <ClInclude Include="DataBuffer.h">
      <Filter>Header files</Filter>
    </ClInclude>
    <ClInclude Include="ble_interface.h">
      <Filter>Header files</Filter>
    </ClInclude>
    <ClInclude Include="Settings.h">
      <Filter>Header files</Filter>
    </ClInclude>
    <ClInclude Include="strlib.h">
      <Filter>Header files</Filter>
    </ClInclude>
    <ClInclude Include="configoption.h">
      <Filter>Header files\config</Filter>
    </ClInclude>
    <ClInclude Include="configfile.h">
      <Filter>Header files\config</Filter>
    </ClInclude>
    <ClInclude Include="Gui_band.h">
      <Filter>Header files</Filter>
    </ClInclude>
    <ClInclude Include="Keyboard.h">
      <Filter>Header files</Filter>
    </ClInclude>
    <ClInclude Include="Waterfall.h">
      <Filter>Header files</Filter>
    </ClInclude>
    <ClInclude Include="Setup.h">
      <Filter>Header files</Filter>
    </ClInclude>
    <ClInclude Include="AMDemodulator.h">
      <Filter>Header files</Filter>
    </ClInclude>
    <ClInclude Include="StartTx.h">
      <Filter>Header files</Filter>
    </ClInclude>
    <ClInclude Include="RtMidi.h">
      <Filter>Header files\RtMidi</Filter>
    </ClInclude>
    <ClInclude Include="MidiControle.h">
      <Filter>Header files\RtMidi</Filter>
    </ClInclude>
    <ClInclude Include="AudioInput.h">
      <Filter>Header files</Filter>
    </ClInclude>
    <ClInclude Include="Audiodefs.h">
      <Filter>Header files</Filter>
    </ClInclude>
    <ClInclude Include="gui_tx.h">
      <Filter>Header files</Filter>
    </ClInclude>
    <ClInclude Include="gui_rx.h">
      <Filter>Header files</Filter>
    </ClInclude>
    <ClInclude Include="SoapySDR\Constants.h">
      <Filter>Header files\SoapySDR</Filter>
    </ClInclude>
    <ClInclude Include="Mouse.h">
      <Filter>Header files</Filter>
    </ClInclude>
    <ClInclude Include="Catinterface.h">
      <Filter>Header files</Filter>
    </ClInclude>
    <ClInclude Include="FT891_CAT.h">
      <Filter>Header files</Filter>
    </ClInclude>
    <ClInclude Include="wiringSerial.h">
      <Filter>Header files</Filter>
    </ClInclude>
    <ClInclude Include="BandFilter.h">
      <Filter>Header files</Filter>
    </ClInclude>
    <ClInclude Include="PCF8574.h">
      <Filter>Header files</Filter>
    </ClInclude>
    <ClInclude Include="wiringPiI2C.h">
      <Filter>Header files</Filter>
    </ClInclude>
    <ClInclude Include="Agc_class.h">
      <Filter>Header files</Filter>
    </ClInclude>
    <ClInclude Include="gui_agc.h">
      <Filter>Header files</Filter>
    </ClInclude>
    <ClInclude Include="gui_bar.h">
      <Filter>Header files</Filter>
    </ClInclude>
    <ClInclude Include="FMDemodulator.h">
      <Filter>Header files</Filter>
    </ClInclude>
    <ClInclude Include="Demodulator.h">
      <Filter>Header files</Filter>
    </ClInclude>
    <ClInclude Include="FMModulator.h">
      <Filter>Header files</Filter>
    </ClInclude>
    <ClInclude Include="AMModulator.h">
      <Filter>Header files</Filter>
    </ClInclude>
    <ClInclude Include="SdrDevice.h">
      <Filter>Header files</Filter>
    </ClInclude>
    <ClInclude Include="SoapySDR\Errors.hpp">
      <Filter>Header files\SoapySDR</Filter>
    </ClInclude>
    <ClInclude Include="SoapySDR\Errors.h">
      <Filter>Header files\SoapySDR</Filter>
    </ClInclude>
    <ClInclude Include="gui_setup.h">
      <Filter>Header files</Filter>
    </ClInclude>
    <ClInclude Include="lvgl\src\extra\libs\gif\gifdec.h">
      <Filter>Header files</Filter>
    </ClInclude>
    <ClInclude Include="lvgl\src\misc\lv_anim_timeline.h">
      <Filter>Header files\lvgl</Filter>
    </ClInclude>
    <ClInclude Include="lvgl\src\extra\libs\bmp\lv_bmp.h">
      <Filter>Header files\lvgl</Filter>
    </ClInclude>
    <ClInclude Include="lvgl\src\draw\sdl\lv_draw_sdl_lru.h">
      <Filter>Header files\lvgl</Filter>
    </ClInclude>
    <ClInclude Include="lvgl\src\draw\sdl\lv_draw_sdl_mask.h">
      <Filter>Header files\lvgl</Filter>
    </ClInclude>
    <ClInclude Include="lvgl\src\draw\sdl\lv_draw_sdl_stack_blur.h">
      <Filter>Header files\lvgl</Filter>
    </ClInclude>
    <ClInclude Include="lvgl\src\draw\sdl\lv_draw_sdl_texture_cache.h">
      <Filter>Header files\lvgl</Filter>
    </ClInclude>
    <ClInclude Include="lvgl\src\draw\sdl\lv_draw_sdl_utils.h">
      <Filter>Header files\lvgl</Filter>
    </ClInclude>
    <ClInclude Include="lvgl\src\draw\sw\lv_draw_sw.h">
      <Filter>Header files\lvgl</Filter>
    </ClInclude>
    <ClInclude Include="lvgl\src\extra\libs\ffmpeg\lv_ffmpeg.h">
      <Filter>Header files\lvgl</Filter>
    </ClInclude>
    <ClInclude Include="lvgl\src\extra\libs\freetype\lv_freetype.h">
      <Filter>Header files\lvgl</Filter>
    </ClInclude>
    <ClInclude Include="lvgl\src\extra\libs\fsdrv\lv_fsdrv.h">
      <Filter>Header files\lvgl</Filter>
    </ClInclude>
    <ClInclude Include="lvgl\src\extra\libs\gif\lv_gif.h">
      <Filter>Header files\lvgl</Filter>
    </ClInclude>
    <ClInclude Include="lvgl\src\gpu\lv_gpu_sdl.h">
      <Filter>Header files\lvgl</Filter>
    </ClInclude>
    <ClInclude Include="lvgl\src\extra\libs\lv_libs.h">
      <Filter>Header files\lvgl</Filter>
    </ClInclude>
    <ClInclude Include="lvgl\src\extra\widgets\menu\lv_menu.h">
      <Filter>Header files\lvgl</Filter>
    </ClInclude>
    <ClInclude Include="lvgl\src\extra\others\monkey\lv_monkey.h">
      <Filter>Header files\lvgl</Filter>
    </ClInclude>
    <ClInclude Include="lvgl\src\extra\others\lv_others.h">
      <Filter>Header files\lvgl</Filter>
    </ClInclude>
    <ClInclude Include="lvgl\src\extra\libs\png\lv_png.h">
      <Filter>Header files\lvgl</Filter>
    </ClInclude>
    <ClInclude Include="lvgl\src\extra\libs\qrcode\lv_qrcode.h">
      <Filter>Header files\lvgl</Filter>
    </ClInclude>
    <ClInclude Include="lvgl\src\extra\libs\rlottie\lv_rlottie.h">
      <Filter>Header files\lvgl</Filter>
    </ClInclude>
    <ClInclude Include="lvgl\src\extra\libs\sjpg\lv_sjpg.h">
      <Filter>Header files\lvgl</Filter>
    </ClInclude>
    <ClInclude Include="lvgl\src\extra\others\snapshot\lv_snapshot.h">
      <Filter>Header files\lvgl</Filter>
    </ClInclude>
    <ClInclude Include="lvgl\src\extra\libs\sjpg\tjpgdcnf.h">
      <Filter>Header files\lvgl</Filter>
    </ClInclude>
    <ClInclude Include="lvgl\src\extra\libs\sjpg\tjpgd.h">
      <Filter>Header files\lvgl</Filter>
    </ClInclude>
    <ClInclude Include="lvgl\src\extra\libs\qrcode\qrcodegen.h">
      <Filter>Header files\lvgl</Filter>
    </ClInclude>
    <ClInclude Include="lvgl\src\extra\libs\png\lodepng.h">
      <Filter>Header files\lvgl</Filter>
    </ClInclude>
    <ClInclude Include="MorseDecoder.h">
      <Filter>Header files</Filter>
    </ClInclude>
    <ClInclude Include="HidDev.h">
      <Filter>Header files</Filter>
    </ClInclude>
    <ClInclude Include="ft8\fft.h">
      <Filter>Header files\ft8</Filter>
    </ClInclude>
    <ClInclude Include="ft8\ft8.h">
      <Filter>Header files\ft8</Filter>
    </ClInclude>
    <ClInclude Include="ft8\util.h">
      <Filter>Header files\ft8</Filter>
    </ClInclude>
    <ClInclude Include="FT8Demodulator.h">
      <Filter>Header files</Filter>
    </ClInclude>
    <ClInclude Include="ft8\unpack.h">
      <Filter>Header files\ft8</Filter>
    </ClInclude>
    <ClInclude Include="ft8\int128.h">
      <Filter>Header files\ft8</Filter>
    </ClInclude>
    <ClInclude Include="ft8\arrays.h">
      <Filter>Header files\ft8</Filter>
    </ClInclude>
    <ClInclude Include="gui_ft8.h">
      <Filter>Header files</Filter>
    </ClInclude>
  </ItemGroup>
</Project>