<?xml version="1.0" encoding="utf-8"?>
<Project ToolsVersion="4.0" xmlns="http://schemas.microsoft.com/developer/msbuild/2003">
  <ItemGroup>
    <Filter Include="Source files">
      <UniqueIdentifier>{3d9e5359-8847-415e-a3d2-987b494ce9de}</UniqueIdentifier>
      <Extensions>cpp;c;cc;cxx;def;odl;idl;hpj;bat;asm;asmx</Extensions>
    </Filter>
    <Filter Include="Header files">
      <UniqueIdentifier>{e701f4c2-80f4-458e-a88a-2778398d7fc4}</UniqueIdentifier>
      <Extensions>h;hpp;hxx;hm;inl;inc;xsd</Extensions>
    </Filter>
    <Filter Include="Resource files">
      <UniqueIdentifier>{fb86acd2-d081-4d94-b5b8-6e7a775ea5c0}</UniqueIdentifier>
      <Extensions>rc;ico;cur;bmp;dlg;rc2;rct;bin;rgs;gif;jpg;jpeg;jpe;resx;tiff;tif;png;wav</Extensions>
    </Filter>
    <Filter Include="VisualGDB settings">
      <UniqueIdentifier>{b6dc85f4-9179-4fd5-a1f6-32ed485bbfe8}</UniqueIdentifier>
      <Extensions>vgdbsettings</Extensions>
    </Filter>
    <Filter Include="Source files\lv_drivers">
      <UniqueIdentifier>{15d40d89-d09d-4696-9c64-963a9bc14a9b}</UniqueIdentifier>
    </Filter>
    <Filter Include="Header files\SoapySDR">
      <UniqueIdentifier>{7720c0d3-17c6-46ba-a0c2-3db1cf34b62a}</UniqueIdentifier>
    </Filter>
    <Filter Include="Header files\lv_drivers">
      <UniqueIdentifier>{689ad73d-e91b-4bbe-a2b6-b2173b36392d}</UniqueIdentifier>
    </Filter>
    <Filter Include="Header files\config">
      <UniqueIdentifier>{685998bd-c599-4e10-b551-6bde938b6c16}</UniqueIdentifier>
    </Filter>
    <Filter Include="Header files\RtMidi">
      <UniqueIdentifier>{d951d323-2251-4656-9099-5428645484b9}</UniqueIdentifier>
    </Filter>
    <Filter Include="Source files\Rtmidi">
      <UniqueIdentifier>{923ae729-c448-4e88-9e2f-b097ddf98181}</UniqueIdentifier>
    </Filter>
    <Filter Include="Source files\config">
      <UniqueIdentifier>{5acfd74a-f56e-4735-9dec-f3752ff1d4f1}</UniqueIdentifier>
    </Filter>
  </ItemGroup>
  <ItemGroup>
    <ClCompile Include="sdrberry.cpp">
      <Filter>Source files</Filter>
    </ClCompile>
    <ClCompile Include="FreeSansOblique24.c">
      <Filter>Source files</Filter>
    </ClCompile>
    <ClCompile Include="FreeSansOblique32.c">
      <Filter>Source files</Filter>
    </ClCompile>
    <ClCompile Include="FreeSansOblique42.c">
      <Filter>Source files</Filter>
    </ClCompile>
    <ClCompile Include="lv_drivers\indev\AD_touch.c">
      <Filter>Source files\lv_drivers</Filter>
    </ClCompile>
    <ClCompile Include="lv_drivers\display\drm.c">
      <Filter>Source files\lv_drivers</Filter>
    </ClCompile>
    <ClCompile Include="lv_drivers\indev\evdev.c">
      <Filter>Source files\lv_drivers</Filter>
    </ClCompile>
    <ClCompile Include="lv_drivers\display\fbdev.c">
      <Filter>Source files\lv_drivers</Filter>
    </ClCompile>
    <ClCompile Include="lv_drivers\indev\FT5406EE8.c">
      <Filter>Source files\lv_drivers</Filter>
    </ClCompile>
    <ClCompile Include="lv_drivers\display\GC9A01.c">
      <Filter>Source files\lv_drivers</Filter>
    </ClCompile>
    <ClCompile Include="lv_drivers\display\ILI9341.c">
      <Filter>Source files\lv_drivers</Filter>
    </ClCompile>
    <ClCompile Include="lv_drivers\indev\keyboard.c">
      <Filter>Source files\lv_drivers</Filter>
    </ClCompile>
    <ClCompile Include="lv_drivers\indev\libinput.c">
      <Filter>Source files\lv_drivers</Filter>
    </ClCompile>
    <ClCompile Include="lv_drivers\display\monitor.c">
      <Filter>Source files\lv_drivers</Filter>
    </ClCompile>
    <ClCompile Include="lv_drivers\indev\mouse.c">
      <Filter>Source files\lv_drivers</Filter>
    </ClCompile>
    <ClCompile Include="lv_drivers\indev\mousewheel.c">
      <Filter>Source files\lv_drivers</Filter>
    </ClCompile>
    <ClCompile Include="lv_drivers\display\R61581.c">
      <Filter>Source files\lv_drivers</Filter>
    </ClCompile>
    <ClCompile Include="lv_drivers\indev\XPT2046.c">
      <Filter>Source files\lv_drivers</Filter>
    </ClCompile>
    <ClCompile Include="lv_drivers\display\UC1610.c">
      <Filter>Source files\lv_drivers</Filter>
    </ClCompile>
    <ClCompile Include="lv_drivers\display\ST7565.c">
      <Filter>Source files\lv_drivers</Filter>
    </ClCompile>
    <ClCompile Include="lv_drivers\display\SSD1963.c">
      <Filter>Source files\lv_drivers</Filter>
    </ClCompile>
    <ClCompile Include="lv_drivers\display\SHARP_MIP.c">
      <Filter>Source files\lv_drivers</Filter>
    </ClCompile>
    <ClCompile Include="sdrstream.cpp">
      <Filter>Source files</Filter>
    </ClCompile>
    <ClCompile Include="vfo.cpp">
      <Filter>Source files</Filter>
    </ClCompile>
    <ClCompile Include="gui_top_bar.cpp">
      <Filter>Source files</Filter>
    </ClCompile>
    <ClCompile Include="gui_vfo.cpp">
      <Filter>Source files</Filter>
    </ClCompile>
    <ClCompile Include="AudioOutput.cpp">
      <Filter>Source files</Filter>
    </ClCompile>
    <ClCompile Include="Filter.cpp">
      <Filter>Source files</Filter>
    </ClCompile>
    <ClCompile Include="FmDecode.cpp">
      <Filter>Source files</Filter>
    </ClCompile>
    <ClCompile Include="Settings.cpp">
      <Filter>Source files</Filter>
    </ClCompile>
    <ClCompile Include="strlib.cpp">
      <Filter>Source files</Filter>
    </ClCompile>
    <ClCompile Include="Keyboard.cpp">
      <Filter>Source files</Filter>
    </ClCompile>
    <ClCompile Include="Waterfall.cpp">
      <Filter>Source files</Filter>
    </ClCompile>
    <ClCompile Include="AMDemodulator.cpp">
      <Filter>Source files</Filter>
    </ClCompile>
    <ClCompile Include="RtMidi.cpp">
      <Filter>Source files\Rtmidi</Filter>
    </ClCompile>
    <ClCompile Include="MidiControle.cpp">
      <Filter>Source files\Rtmidi</Filter>
    </ClCompile>
    <ClCompile Include="FreeSans42.c">
      <Filter>Source files</Filter>
    </ClCompile>
    <ClCompile Include="AudioInput.cpp">
      <Filter>Source files</Filter>
    </ClCompile>
    <ClCompile Include="gui_tx.cpp">
      <Filter>Source files</Filter>
    </ClCompile>
    <ClCompile Include="configoption.cpp">
      <Filter>Source files\config</Filter>
    </ClCompile>
    <ClCompile Include="configfile.cpp">
      <Filter>Source files\config</Filter>
    </ClCompile>
    <ClCompile Include="Mouse.cpp">
      <Filter>Source files</Filter>
    </ClCompile>
    <ClCompile Include="Catinterface.cpp">
      <Filter>Source files</Filter>
    </ClCompile>
    <ClCompile Include="FT891_CAT.cpp">
      <Filter>Source files</Filter>
    </ClCompile>
    <ClCompile Include="wiringSerial.c">
      <Filter>Source files</Filter>
    </ClCompile>
    <ClCompile Include="BandFilter.cpp">
      <Filter>Source files</Filter>
    </ClCompile>
    <ClCompile Include="PCF8574.cpp">
      <Filter>Source files</Filter>
    </ClCompile>
    <ClCompile Include="wiringPiI2C.c">
      <Filter>Source files</Filter>
    </ClCompile>
    <ClCompile Include="gui_agc.cpp">
      <Filter>Source files</Filter>
    </ClCompile>
    <ClCompile Include="gui_bar.cpp">
      <Filter>Source files</Filter>
    </ClCompile>
    <ClCompile Include="FMDemodulator.cpp">
      <Filter>Source files</Filter>
    </ClCompile>
    <ClCompile Include="Demodulator.cpp">
      <Filter>Source files</Filter>
    </ClCompile>
    <ClCompile Include="FMModulator.cpp">
      <Filter>Source files</Filter>
    </ClCompile>
    <ClCompile Include="AMModulator.cpp">
      <Filter>Source files</Filter>
    </ClCompile>
    <ClCompile Include="SdrDevice.cpp">
      <Filter>Source files</Filter>
    </ClCompile>
    <ClCompile Include="gui_setup.cpp">
      <Filter>Source files</Filter>
    </ClCompile>
    <ClCompile Include="MorseDecoder.cpp">
      <Filter>Source files</Filter>
    </ClCompile>
    <ClCompile Include="HidDev.cpp">
      <Filter>Source files</Filter>
    </ClCompile>
    <ClCompile Include="FT8Demodulator.cpp">
      <Filter>Source files</Filter>
    </ClCompile>
    <ClCompile Include="gui_ft8.cpp">
      <Filter>Source files</Filter>
    </ClCompile>
    <ClCompile Include="Gui_band.cpp">
      <Filter>Source files</Filter>
    </ClCompile>
    <ClCompile Include="PeakLevelDetector.cpp">
      <Filter>Source files</Filter>
    </ClCompile>
    <ClCompile Include="gui_speech.cpp">
      <Filter>Source files</Filter>
    </ClCompile>
    <ClCompile Include="EchoAudio.cpp">
      <Filter>Source files</Filter>
    </ClCompile>
    <ClCompile Include="gui_rx.cpp">
      <Filter>Source files</Filter>
    </ClCompile>
    <ClCompile Include="SpectralNoiseReduction.cpp">
      <Filter>Source files</Filter>
    </ClCompile>
    <ClCompile Include="LMSNoisereducer.cpp">
      <Filter>Source files</Filter>
    </ClCompile>
    <ClCompile Include="RtAudio.cpp">
      <Filter>Source files</Filter>
    </ClCompile>
    <ClCompile Include="Limiter.cpp">
      <Filter>Source files</Filter>
    </ClCompile>
    <ClCompile Include="EnergyCalculator.cpp">
      <Filter>Source files</Filter>
    </ClCompile>
    <ClCompile Include="BandPassFilter.cpp">
      <Filter>Source files</Filter>
    </ClCompile>
    <ClCompile Include="mouse_cursor_icon.c">
      <Filter>Source files</Filter>
    </ClCompile>
    <ClCompile Include="GuiFt8Setting.cpp">
      <Filter>Source files</Filter>
    </ClCompile>
    <ClCompile Include="KeyboardTranslator.cpp">
      <Filter>Source files</Filter>
    </ClCompile>
    <ClCompile Include="imKStoUCS.c">
      <Filter>Source files</Filter>
    </ClCompile>
    <ClCompile Include="gui_ft8bar.cpp">
      <Filter>Source files</Filter>
    </ClCompile>
    <ClCompile Include="ft8\wave.cpp">
      <Filter>Source files</Filter>
    </ClCompile>
    <ClCompile Include="DigitalTransmission.cpp">
      <Filter>Source files</Filter>
    </ClCompile>
    <ClCompile Include="FT8Processor.cpp">
      <Filter>Source files</Filter>
    </ClCompile>
    <ClCompile Include="FreeDVTab.cpp">
      <Filter>Source files</Filter>
    </ClCompile>
    <ClCompile Include="Spectrum.cpp">
      <Filter>Source files</Filter>
    </ClCompile>
    <ClCompile Include="FastFourier.cpp">
      <Filter>Source files</Filter>
    </ClCompile>
    <ClCompile Include="gui_cal.cpp">
      <Filter>Source files</Filter>
    </ClCompile>
  </ItemGroup>
  <ItemGroup>
    <None Include="sdrberry-Debug.vgdbsettings">
      <Filter>VisualGDB settings</Filter>
    </None>
    <None Include="sdrberry-Release.vgdbsettings">
      <Filter>VisualGDB settings</Filter>
    </None>
  </ItemGroup>
  <ItemGroup>
    <ClInclude Include="lv_drivers\indev\AD_touch.h">
      <Filter>Header files\lv_drivers</Filter>
    </ClInclude>
    <ClInclude Include="lv_drivers\display\drm.h">
      <Filter>Header files\lv_drivers</Filter>
    </ClInclude>
    <ClInclude Include="lv_drivers\indev\evdev.h">
      <Filter>Header files\lv_drivers</Filter>
    </ClInclude>
    <ClInclude Include="lv_drivers\display\fbdev.h">
      <Filter>Header files\lv_drivers</Filter>
    </ClInclude>
    <ClInclude Include="lv_drivers\indev\FT5406EE8.h">
      <Filter>Header files\lv_drivers</Filter>
    </ClInclude>
    <ClInclude Include="lv_drivers\display\GC9A01.h">
      <Filter>Header files\lv_drivers</Filter>
    </ClInclude>
    <ClInclude Include="lv_drivers\display\ILI9341.h">
      <Filter>Header files\lv_drivers</Filter>
    </ClInclude>
    <ClInclude Include="lv_drivers\indev\keyboard.h">
      <Filter>Header files\lv_drivers</Filter>
    </ClInclude>
    <ClInclude Include="lv_drivers\display\monitor.h">
      <Filter>Header files\lv_drivers</Filter>
    </ClInclude>
    <ClInclude Include="lv_drivers\indev\mouse.h">
      <Filter>Header files\lv_drivers</Filter>
    </ClInclude>
    <ClInclude Include="lv_drivers\indev\mousewheel.h">
      <Filter>Header files\lv_drivers</Filter>
    </ClInclude>
    <ClInclude Include="blepp\pretty_printers.h">
      <Filter>Header files\lv_drivers</Filter>
    </ClInclude>
    <ClInclude Include="lv_drivers\display\R61581.h">
      <Filter>Header files\lv_drivers</Filter>
    </ClInclude>
    <ClInclude Include="lv_drivers\display\SHARP_MIP.h">
      <Filter>Header files\lv_drivers</Filter>
    </ClInclude>
    <ClInclude Include="lv_drivers\display\SSD1963.h">
      <Filter>Header files\lv_drivers</Filter>
    </ClInclude>
    <ClInclude Include="lv_drivers\display\ST7565.h">
      <Filter>Header files\lv_drivers</Filter>
    </ClInclude>
    <ClInclude Include="lv_drivers\display\UC1610.h">
      <Filter>Header files\lv_drivers</Filter>
    </ClInclude>
    <ClInclude Include="lv_drivers\indev\XPT2046.h">
      <Filter>Header files\lv_drivers</Filter>
    </ClInclude>
    <ClInclude Include="lv_drivers\indev\libinput_drv.h">
      <Filter>Header files\lv_drivers</Filter>
    </ClInclude>
    <ClInclude Include="SoapySDR\Device.hpp">
      <Filter>Header files\SoapySDR</Filter>
    </ClInclude>
    <ClInclude Include="SoapySDR\Config.hpp">
      <Filter>Header files\SoapySDR</Filter>
    </ClInclude>
    <ClInclude Include="SoapySDR\Formats.hpp">
      <Filter>Header files\SoapySDR</Filter>
    </ClInclude>
    <ClInclude Include="wstring.h">
      <Filter>Header files</Filter>
    </ClInclude>
    <ClInclude Include="SoapySDR\ConverterPrimitives.hpp">
      <Filter>Header files\SoapySDR</Filter>
    </ClInclude>
    <ClInclude Include="SoapySDR\ConverterRegistry.hpp">
      <Filter>Header files\SoapySDR</Filter>
    </ClInclude>
    <ClInclude Include="SoapySDR\Registry.hpp">
      <Filter>Header files\SoapySDR</Filter>
    </ClInclude>
    <ClInclude Include="SoapySDR\Time.hpp">
      <Filter>Header files\SoapySDR</Filter>
    </ClInclude>
    <ClInclude Include="SoapySDR\Types.hpp">
      <Filter>Header files\SoapySDR</Filter>
    </ClInclude>
    <ClInclude Include="SoapySDR\Version.hpp">
      <Filter>Header files\SoapySDR</Filter>
    </ClInclude>
    <ClInclude Include="sdrstream.h">
      <Filter>Header files</Filter>
    </ClInclude>
    <ClInclude Include="vfo.h">
      <Filter>Header files</Filter>
    </ClInclude>
    <ClInclude Include="gui_top_bar.h">
      <Filter>Header files</Filter>
    </ClInclude>
    <ClInclude Include="gui_vfo.h">
      <Filter>Header files</Filter>
    </ClInclude>
    <ClInclude Include="AudioOutput.h">
      <Filter>Header files</Filter>
    </ClInclude>
    <ClInclude Include="Filter.h">
      <Filter>Header files</Filter>
    </ClInclude>
    <ClInclude Include="FmDecode.h">
      <Filter>Header files</Filter>
    </ClInclude>
    <ClInclude Include="sdrberry.h">
      <Filter>Header files</Filter>
    </ClInclude>
    <ClInclude Include="DataBuffer.h">
      <Filter>Header files</Filter>
    </ClInclude>
    <ClInclude Include="Settings.h">
      <Filter>Header files</Filter>
    </ClInclude>
    <ClInclude Include="strlib.h">
      <Filter>Header files</Filter>
    </ClInclude>
    <ClInclude Include="configoption.h">
      <Filter>Header files\config</Filter>
    </ClInclude>
    <ClInclude Include="configfile.h">
      <Filter>Header files\config</Filter>
    </ClInclude>
    <ClInclude Include="Gui_band.h">
      <Filter>Header files</Filter>
    </ClInclude>
    <ClInclude Include="Keyboard.h">
      <Filter>Header files</Filter>
    </ClInclude>
    <ClInclude Include="Waterfall.h">
      <Filter>Header files</Filter>
    </ClInclude>
    <ClInclude Include="AMDemodulator.h">
      <Filter>Header files</Filter>
    </ClInclude>
    <ClInclude Include="StartTx.h">
      <Filter>Header files</Filter>
    </ClInclude>
    <ClInclude Include="RtMidi.h">
      <Filter>Header files\RtMidi</Filter>
    </ClInclude>
    <ClInclude Include="MidiControle.h">
      <Filter>Header files\RtMidi</Filter>
    </ClInclude>
    <ClInclude Include="AudioInput.h">
      <Filter>Header files</Filter>
    </ClInclude>
    <ClInclude Include="gui_tx.h">
      <Filter>Header files</Filter>
    </ClInclude>
    <ClInclude Include="SoapySDR\Constants.h">
      <Filter>Header files\SoapySDR</Filter>
    </ClInclude>
    <ClInclude Include="Mouse.h">
      <Filter>Header files</Filter>
    </ClInclude>
    <ClInclude Include="Catinterface.h">
      <Filter>Header files</Filter>
    </ClInclude>
    <ClInclude Include="FT891_CAT.h">
      <Filter>Header files</Filter>
    </ClInclude>
    <ClInclude Include="wiringSerial.h">
      <Filter>Header files</Filter>
    </ClInclude>
    <ClInclude Include="BandFilter.h">
      <Filter>Header files</Filter>
    </ClInclude>
    <ClInclude Include="PCF8574.h">
      <Filter>Header files</Filter>
    </ClInclude>
    <ClInclude Include="wiringPiI2C.h">
      <Filter>Header files</Filter>
    </ClInclude>
    <ClInclude Include="gui_agc.h">
      <Filter>Header files</Filter>
    </ClInclude>
    <ClInclude Include="gui_bar.h">
      <Filter>Header files</Filter>
    </ClInclude>
    <ClInclude Include="FMDemodulator.h">
      <Filter>Header files</Filter>
    </ClInclude>
    <ClInclude Include="Demodulator.h">
      <Filter>Header files</Filter>
    </ClInclude>
    <ClInclude Include="FMModulator.h">
      <Filter>Header files</Filter>
    </ClInclude>
    <ClInclude Include="AMModulator.h">
      <Filter>Header files</Filter>
    </ClInclude>
    <ClInclude Include="SdrDevice.h">
      <Filter>Header files</Filter>
    </ClInclude>
    <ClInclude Include="SoapySDR\Errors.hpp">
      <Filter>Header files\SoapySDR</Filter>
    </ClInclude>
    <ClInclude Include="SoapySDR\Errors.h">
      <Filter>Header files\SoapySDR</Filter>
    </ClInclude>
    <ClInclude Include="gui_setup.h">
      <Filter>Header files</Filter>
    </ClInclude>
    <ClInclude Include="lvgl\src\extra\libs\gif\gifdec.h">
      <Filter>Header files</Filter>
    </ClInclude>
    <ClInclude Include="MorseDecoder.h">
      <Filter>Header files</Filter>
    </ClInclude>
    <ClInclude Include="HidDev.h">
      <Filter>Header files</Filter>
    </ClInclude>
    <ClInclude Include="FT8Demodulator.h">
      <Filter>Header files</Filter>
    </ClInclude>
    <ClInclude Include="gui_ft8.h">
      <Filter>Header files</Filter>
    </ClInclude>
    <ClInclude Include="PeakLevelDetector.h">
      <Filter>Header files</Filter>
    </ClInclude>
    <ClInclude Include="gui_speech.h">
      <Filter>Header files</Filter>
    </ClInclude>
    <ClInclude Include="EchoAudio.h">
      <Filter>Header files</Filter>
    </ClInclude>
    <ClInclude Include="sma.h">
      <Filter>Header files</Filter>
    </ClInclude>
    <ClInclude Include="gui_rx.h">
      <Filter>Header files</Filter>
    </ClInclude>
    <ClInclude Include="SpectralNoiseReduction.h">
      <Filter>Header files</Filter>
    </ClInclude>
    <ClInclude Include="LMSNoisereducer.h">
      <Filter>Header files</Filter>
    </ClInclude>
    <ClInclude Include="RtAudio.h">
      <Filter>Header files</Filter>
    </ClInclude>
    <ClInclude Include="Limiter.h">
      <Filter>Header files</Filter>
    </ClInclude>
    <ClInclude Include="EnergyCalculator.h">
      <Filter>Header files</Filter>
    </ClInclude>
    <ClInclude Include="Modes.h">
      <Filter>Header files</Filter>
    </ClInclude>
    <ClInclude Include="SdrberryTypeDefs.h">
      <Filter>Header files</Filter>
    </ClInclude>
    <ClInclude Include="backward.hpp">
      <Filter>Header files</Filter>
    </ClInclude>
    <ClInclude Include="HidThread.h">
      <Filter>Header files</Filter>
    </ClInclude>
    <ClInclude Include="lv_conf.h">
      <Filter>Header files</Filter>
    </ClInclude>
    <ClInclude Include="lv_drv_conf.h">
      <Filter>Header files</Filter>
    </ClInclude>
    <ClInclude Include="SharedQueue.h">
      <Filter>Header files</Filter>
    </ClInclude>
    <ClInclude Include="BandPassFilter.h">
      <Filter>Header files</Filter>
    </ClInclude>
    <ClInclude Include="Mixer.h">
      <Filter>Header files</Filter>
    </ClInclude>
    <ClInclude Include="GuiFt8Setting.h">
      <Filter>Header files</Filter>
    </ClInclude>
    <ClInclude Include="KeyboardTranslator.h">
      <Filter>Header files</Filter>
    </ClInclude>
    <ClInclude Include="scancodes_linux.h">
      <Filter>Header files</Filter>
    </ClInclude>
    <ClInclude Include="SDL_scancode.h">
      <Filter>Header files</Filter>
    </ClInclude>
    <ClInclude Include="SDL_keycode.h">
      <Filter>Header files</Filter>
    </ClInclude>
    <ClInclude Include="imKStoUCS.h">
      <Filter>Header files</Filter>
    </ClInclude>
    <ClInclude Include="gui_ft8bar.h">
      <Filter>Header files</Filter>
    </ClInclude>
    <ClInclude Include="FT8Generator.h">
      <Filter>Header files</Filter>
    </ClInclude>
    <ClInclude Include="DigitalTransmission.h">
      <Filter>Header files</Filter>
    </ClInclude>
    <ClInclude Include="FT8Processor.h">
      <Filter>Header files</Filter>
    </ClInclude>
    <ClInclude Include="FreeDVTab.h">
      <Filter>Header files</Filter>
    </ClInclude>
    <ClInclude Include="Spectrum.h">
      <Filter>Header files</Filter>
    </ClInclude>
    <ClInclude Include="FastFourier.h">
      <Filter>Header files</Filter>
    </ClInclude>
    <ClInclude Include="gui_cal.h">
      <Filter>Header files</Filter>
    </ClInclude>
  </ItemGroup>
</Project>